// !$*UTF8*$!
{
	archiveVersion = 1;
	classes = {
	};
	objectVersion = 50;
	objects = {

/* Begin PBXBuildFile section */
		6BAD4DBC2699756A00C3F079 /* AppDelegate.swift in Sources */ = {isa = PBXBuildFile; fileRef = 6BAD4DBB2699756A00C3F079 /* AppDelegate.swift */; };
		6BAD4DBE2699756A00C3F079 /* SceneDelegate.swift in Sources */ = {isa = PBXBuildFile; fileRef = 6BAD4DBD2699756A00C3F079 /* SceneDelegate.swift */; };
		6BAD4DC52699756C00C3F079 /* Assets.xcassets in Resources */ = {isa = PBXBuildFile; fileRef = 6BAD4DC42699756C00C3F079 /* Assets.xcassets */; };
		6BAD4DC82699756C00C3F079 /* LaunchScreen.storyboard in Resources */ = {isa = PBXBuildFile; fileRef = 6BAD4DC62699756C00C3F079 /* LaunchScreen.storyboard */; };
		6BB31CA426999C0700774949 /* RootCoordinator.swift in Sources */ = {isa = PBXBuildFile; fileRef = 6BB31CA326999C0700774949 /* RootCoordinator.swift */; };
		6BB31CAD26999FA000774949 /* MainViewController.swift in Sources */ = {isa = PBXBuildFile; fileRef = 6BB31CAB26999FA000774949 /* MainViewController.swift */; };
		6BB31CAE26999FA000774949 /* MainViewController.xib in Resources */ = {isa = PBXBuildFile; fileRef = 6BB31CAC26999FA000774949 /* MainViewController.xib */; };
		6BB31CB126999FE100774949 /* DetailsViewController.swift in Sources */ = {isa = PBXBuildFile; fileRef = 6BB31CB026999FE100774949 /* DetailsViewController.swift */; };
		6BB31CB42699A89A00774949 /* SplashScreenViewController.swift in Sources */ = {isa = PBXBuildFile; fileRef = 6BB31CB22699A89A00774949 /* SplashScreenViewController.swift */; };
		6BB31CB52699A89A00774949 /* SplashScreenViewController.xib in Resources */ = {isa = PBXBuildFile; fileRef = 6BB31CB32699A89A00774949 /* SplashScreenViewController.xib */; };
		6BB31CB82699ADC600774949 /* DataService.swift in Sources */ = {isa = PBXBuildFile; fileRef = 6BB31CB72699ADC600774949 /* DataService.swift */; };
		6BB31CBB2699C76F00774949 /* DataModel.swift in Sources */ = {isa = PBXBuildFile; fileRef = 6BB31CBA2699C76F00774949 /* DataModel.swift */; };
/* End PBXBuildFile section */

/* Begin PBXFileReference section */
		6BAD4DB82699756A00C3F079 /* FMproject.app */ = {isa = PBXFileReference; explicitFileType = wrapper.application; includeInIndex = 0; path = FMproject.app; sourceTree = BUILT_PRODUCTS_DIR; };
		6BAD4DBB2699756A00C3F079 /* AppDelegate.swift */ = {isa = PBXFileReference; lastKnownFileType = sourcecode.swift; path = AppDelegate.swift; sourceTree = "<group>"; };
		6BAD4DBD2699756A00C3F079 /* SceneDelegate.swift */ = {isa = PBXFileReference; lastKnownFileType = sourcecode.swift; path = SceneDelegate.swift; sourceTree = "<group>"; };
		6BAD4DC42699756C00C3F079 /* Assets.xcassets */ = {isa = PBXFileReference; lastKnownFileType = folder.assetcatalog; path = Assets.xcassets; sourceTree = "<group>"; };
		6BAD4DC72699756C00C3F079 /* Base */ = {isa = PBXFileReference; lastKnownFileType = file.storyboard; name = Base; path = Base.lproj/LaunchScreen.storyboard; sourceTree = "<group>"; };
		6BAD4DC92699756C00C3F079 /* Info.plist */ = {isa = PBXFileReference; lastKnownFileType = text.plist.xml; path = Info.plist; sourceTree = "<group>"; };
		6BB31CA326999C0700774949 /* RootCoordinator.swift */ = {isa = PBXFileReference; lastKnownFileType = sourcecode.swift; path = RootCoordinator.swift; sourceTree = "<group>"; };
		6BB31CAB26999FA000774949 /* MainViewController.swift */ = {isa = PBXFileReference; lastKnownFileType = sourcecode.swift; path = MainViewController.swift; sourceTree = "<group>"; };
		6BB31CAC26999FA000774949 /* MainViewController.xib */ = {isa = PBXFileReference; lastKnownFileType = file.xib; path = MainViewController.xib; sourceTree = "<group>"; };
		6BB31CB026999FE100774949 /* DetailsViewController.swift */ = {isa = PBXFileReference; lastKnownFileType = sourcecode.swift; path = DetailsViewController.swift; sourceTree = "<group>"; };
		6BB31CB22699A89A00774949 /* SplashScreenViewController.swift */ = {isa = PBXFileReference; lastKnownFileType = sourcecode.swift; path = SplashScreenViewController.swift; sourceTree = "<group>"; };
		6BB31CB32699A89A00774949 /* SplashScreenViewController.xib */ = {isa = PBXFileReference; lastKnownFileType = file.xib; path = SplashScreenViewController.xib; sourceTree = "<group>"; };
		6BB31CB72699ADC600774949 /* DataService.swift */ = {isa = PBXFileReference; lastKnownFileType = sourcecode.swift; path = DataService.swift; sourceTree = "<group>"; };
		6BB31CBA2699C76F00774949 /* DataModel.swift */ = {isa = PBXFileReference; lastKnownFileType = sourcecode.swift; path = DataModel.swift; sourceTree = "<group>"; };
/* End PBXFileReference section */

/* Begin PBXFrameworksBuildPhase section */
		6BAD4DB52699756A00C3F079 /* Frameworks */ = {
			isa = PBXFrameworksBuildPhase;
			buildActionMask = 2147483647;
			files = (
			);
			runOnlyForDeploymentPostprocessing = 0;
		};
/* End PBXFrameworksBuildPhase section */

/* Begin PBXGroup section */
		6BAD4DAF2699756A00C3F079 = {
			isa = PBXGroup;
			children = (
				6BAD4DBA2699756A00C3F079 /* FMproject */,
				6BAD4DB92699756A00C3F079 /* Products */,
			);
			sourceTree = "<group>";
		};
		6BAD4DB92699756A00C3F079 /* Products */ = {
			isa = PBXGroup;
			children = (
				6BAD4DB82699756A00C3F079 /* FMproject.app */,
			);
			name = Products;
			sourceTree = "<group>";
		};
		6BAD4DBA2699756A00C3F079 /* FMproject */ = {
			isa = PBXGroup;
			children = (
				6BAD4DBB2699756A00C3F079 /* AppDelegate.swift */,
				6BAD4DBD2699756A00C3F079 /* SceneDelegate.swift */,
				6BB31CA326999C0700774949 /* RootCoordinator.swift */,
				6BB31CA126999AAE00774949 /* Modules */,
				6BB31CB62699ACEC00774949 /* Services */,
				6BB31CB92699C75800774949 /* Models */,
				6BB31CA226999ACA00774949 /* Supporting Files */,
			);
			path = FMproject;
			sourceTree = "<group>";
		};
		6BB31CA126999AAE00774949 /* Modules */ = {
			isa = PBXGroup;
			children = (
				6BB31CA526999C5E00774949 /* Splash Screen */,
				6BB31CAA26999F8800774949 /* Main Screen */,
				6BB31CAF26999FC300774949 /* Details Screen */,
			);
			path = Modules;
			sourceTree = "<group>";
		};
		6BB31CA226999ACA00774949 /* Supporting Files */ = {
			isa = PBXGroup;
			children = (
				6BAD4DC92699756C00C3F079 /* Info.plist */,
				6BAD4DC62699756C00C3F079 /* LaunchScreen.storyboard */,
				6BAD4DC42699756C00C3F079 /* Assets.xcassets */,
			);
			path = "Supporting Files";
			sourceTree = "<group>";
		};
		6BB31CA526999C5E00774949 /* Splash Screen */ = {
			isa = PBXGroup;
			children = (
				6BB31CB32699A89A00774949 /* SplashScreenViewController.xib */,
				6BB31CB22699A89A00774949 /* SplashScreenViewController.swift */,
			);
			path = "Splash Screen";
			sourceTree = "<group>";
		};
		6BB31CAA26999F8800774949 /* Main Screen */ = {
			isa = PBXGroup;
			children = (
				6BB31CAC26999FA000774949 /* MainViewController.xib */,
				6BB31CAB26999FA000774949 /* MainViewController.swift */,
			);
			path = "Main Screen";
			sourceTree = "<group>";
		};
		6BB31CAF26999FC300774949 /* Details Screen */ = {
			isa = PBXGroup;
			children = (
				6BB31CB026999FE100774949 /* DetailsViewController.swift */,
			);
			path = "Details Screen";
			sourceTree = "<group>";
		};
		6BB31CB62699ACEC00774949 /* Services */ = {
			isa = PBXGroup;
			children = (
				6BB31CB72699ADC600774949 /* DataService.swift */,
			);
			path = Services;
			sourceTree = "<group>";
		};
		6BB31CB92699C75800774949 /* Models */ = {
			isa = PBXGroup;
			children = (
				6BB31CBA2699C76F00774949 /* DataModel.swift */,
			);
			path = Models;
			sourceTree = "<group>";
		};
/* End PBXGroup section */

/* Begin PBXNativeTarget section */
		6BAD4DB72699756A00C3F079 /* FMproject */ = {
			isa = PBXNativeTarget;
			buildConfigurationList = 6BAD4DCC2699756C00C3F079 /* Build configuration list for PBXNativeTarget "FMproject" */;
			buildPhases = (
				6BAD4DB42699756A00C3F079 /* Sources */,
				6BAD4DB52699756A00C3F079 /* Frameworks */,
				6BAD4DB62699756A00C3F079 /* Resources */,
			);
			buildRules = (
			);
			dependencies = (
			);
			name = FMproject;
			productName = FMproject;
			productReference = 6BAD4DB82699756A00C3F079 /* FMproject.app */;
			productType = "com.apple.product-type.application";
		};
/* End PBXNativeTarget section */

/* Begin PBXProject section */
		6BAD4DB02699756A00C3F079 /* Project object */ = {
			isa = PBXProject;
			attributes = {
				LastSwiftUpdateCheck = 1250;
				LastUpgradeCheck = 1250;
				TargetAttributes = {
					6BAD4DB72699756A00C3F079 = {
						CreatedOnToolsVersion = 12.5.1;
					};
				};
			};
			buildConfigurationList = 6BAD4DB32699756A00C3F079 /* Build configuration list for PBXProject "FMproject" */;
			compatibilityVersion = "Xcode 9.3";
			developmentRegion = en;
			hasScannedForEncodings = 0;
			knownRegions = (
				en,
				Base,
			);
			mainGroup = 6BAD4DAF2699756A00C3F079;
			productRefGroup = 6BAD4DB92699756A00C3F079 /* Products */;
			projectDirPath = "";
			projectRoot = "";
			targets = (
				6BAD4DB72699756A00C3F079 /* FMproject */,
			);
		};
/* End PBXProject section */

/* Begin PBXResourcesBuildPhase section */
		6BAD4DB62699756A00C3F079 /* Resources */ = {
			isa = PBXResourcesBuildPhase;
			buildActionMask = 2147483647;
			files = (
				6BAD4DC82699756C00C3F079 /* LaunchScreen.storyboard in Resources */,
				6BB31CB52699A89A00774949 /* SplashScreenViewController.xib in Resources */,
				6BAD4DC52699756C00C3F079 /* Assets.xcassets in Resources */,
				6BB31CAE26999FA000774949 /* MainViewController.xib in Resources */,
			);
			runOnlyForDeploymentPostprocessing = 0;
		};
/* End PBXResourcesBuildPhase section */

/* Begin PBXSourcesBuildPhase section */
		6BAD4DB42699756A00C3F079 /* Sources */ = {
			isa = PBXSourcesBuildPhase;
			buildActionMask = 2147483647;
			files = (
				6BAD4DBC2699756A00C3F079 /* AppDelegate.swift in Sources */,
				6BB31CB82699ADC600774949 /* DataService.swift in Sources */,
				6BB31CA426999C0700774949 /* RootCoordinator.swift in Sources */,
				6BB31CB42699A89A00774949 /* SplashScreenViewController.swift in Sources */,
				6BAD4DBE2699756A00C3F079 /* SceneDelegate.swift in Sources */,
				6BB31CBB2699C76F00774949 /* DataModel.swift in Sources */,
				6BB31CAD26999FA000774949 /* MainViewController.swift in Sources */,
				6BB31CB126999FE100774949 /* DetailsViewController.swift in Sources */,
			);
			runOnlyForDeploymentPostprocessing = 0;
		};
/* End PBXSourcesBuildPhase section */

/* Begin PBXVariantGroup section */
		6BAD4DC62699756C00C3F079 /* LaunchScreen.storyboard */ = {
			isa = PBXVariantGroup;
			children = (
				6BAD4DC72699756C00C3F079 /* Base */,
			);
			name = LaunchScreen.storyboard;
			sourceTree = "<group>";
		};
/* End PBXVariantGroup section */

/* Begin XCBuildConfiguration section */
		6BAD4DCA2699756C00C3F079 /* Debug */ = {
			isa = XCBuildConfiguration;
			buildSettings = {
				ALWAYS_SEARCH_USER_PATHS = NO;
				CLANG_ANALYZER_NONNULL = YES;
				CLANG_ANALYZER_NUMBER_OBJECT_CONVERSION = YES_AGGRESSIVE;
				CLANG_CXX_LANGUAGE_STANDARD = "gnu++14";
				CLANG_CXX_LIBRARY = "libc++";
				CLANG_ENABLE_MODULES = YES;
				CLANG_ENABLE_OBJC_ARC = YES;
				CLANG_ENABLE_OBJC_WEAK = YES;
				CLANG_WARN_BLOCK_CAPTURE_AUTORELEASING = YES;
				CLANG_WARN_BOOL_CONVERSION = YES;
				CLANG_WARN_COMMA = YES;
				CLANG_WARN_CONSTANT_CONVERSION = YES;
				CLANG_WARN_DEPRECATED_OBJC_IMPLEMENTATIONS = YES;
				CLANG_WARN_DIRECT_OBJC_ISA_USAGE = YES_ERROR;
				CLANG_WARN_DOCUMENTATION_COMMENTS = YES;
				CLANG_WARN_EMPTY_BODY = YES;
				CLANG_WARN_ENUM_CONVERSION = YES;
				CLANG_WARN_INFINITE_RECURSION = YES;
				CLANG_WARN_INT_CONVERSION = YES;
				CLANG_WARN_NON_LITERAL_NULL_CONVERSION = YES;
				CLANG_WARN_OBJC_IMPLICIT_RETAIN_SELF = YES;
				CLANG_WARN_OBJC_LITERAL_CONVERSION = YES;
				CLANG_WARN_OBJC_ROOT_CLASS = YES_ERROR;
				CLANG_WARN_QUOTED_INCLUDE_IN_FRAMEWORK_HEADER = YES;
				CLANG_WARN_RANGE_LOOP_ANALYSIS = YES;
				CLANG_WARN_STRICT_PROTOTYPES = YES;
				CLANG_WARN_SUSPICIOUS_MOVE = YES;
				CLANG_WARN_UNGUARDED_AVAILABILITY = YES_AGGRESSIVE;
				CLANG_WARN_UNREACHABLE_CODE = YES;
				CLANG_WARN__DUPLICATE_METHOD_MATCH = YES;
				COPY_PHASE_STRIP = NO;
				DEBUG_INFORMATION_FORMAT = dwarf;
				ENABLE_STRICT_OBJC_MSGSEND = YES;
				ENABLE_TESTABILITY = YES;
				GCC_C_LANGUAGE_STANDARD = gnu11;
				GCC_DYNAMIC_NO_PIC = NO;
				GCC_NO_COMMON_BLOCKS = YES;
				GCC_OPTIMIZATION_LEVEL = 0;
				GCC_PREPROCESSOR_DEFINITIONS = (
					"DEBUG=1",
					"$(inherited)",
				);
				GCC_WARN_64_TO_32_BIT_CONVERSION = YES;
				GCC_WARN_ABOUT_RETURN_TYPE = YES_ERROR;
				GCC_WARN_UNDECLARED_SELECTOR = YES;
				GCC_WARN_UNINITIALIZED_AUTOS = YES_AGGRESSIVE;
				GCC_WARN_UNUSED_FUNCTION = YES;
				GCC_WARN_UNUSED_VARIABLE = YES;
				IPHONEOS_DEPLOYMENT_TARGET = 14.5;
				MTL_ENABLE_DEBUG_INFO = INCLUDE_SOURCE;
				MTL_FAST_MATH = YES;
				ONLY_ACTIVE_ARCH = YES;
				SDKROOT = iphoneos;
				SWIFT_ACTIVE_COMPILATION_CONDITIONS = DEBUG;
				SWIFT_OPTIMIZATION_LEVEL = "-Onone";
			};
			name = Debug;
		};
		6BAD4DCB2699756C00C3F079 /* Release */ = {
			isa = XCBuildConfiguration;
			buildSettings = {
				ALWAYS_SEARCH_USER_PATHS = NO;
				CLANG_ANALYZER_NONNULL = YES;
				CLANG_ANALYZER_NUMBER_OBJECT_CONVERSION = YES_AGGRESSIVE;
				CLANG_CXX_LANGUAGE_STANDARD = "gnu++14";
				CLANG_CXX_LIBRARY = "libc++";
				CLANG_ENABLE_MODULES = YES;
				CLANG_ENABLE_OBJC_ARC = YES;
				CLANG_ENABLE_OBJC_WEAK = YES;
				CLANG_WARN_BLOCK_CAPTURE_AUTORELEASING = YES;
				CLANG_WARN_BOOL_CONVERSION = YES;
				CLANG_WARN_COMMA = YES;
				CLANG_WARN_CONSTANT_CONVERSION = YES;
				CLANG_WARN_DEPRECATED_OBJC_IMPLEMENTATIONS = YES;
				CLANG_WARN_DIRECT_OBJC_ISA_USAGE = YES_ERROR;
				CLANG_WARN_DOCUMENTATION_COMMENTS = YES;
				CLANG_WARN_EMPTY_BODY = YES;
				CLANG_WARN_ENUM_CONVERSION = YES;
				CLANG_WARN_INFINITE_RECURSION = YES;
				CLANG_WARN_INT_CONVERSION = YES;
				CLANG_WARN_NON_LITERAL_NULL_CONVERSION = YES;
				CLANG_WARN_OBJC_IMPLICIT_RETAIN_SELF = YES;
				CLANG_WARN_OBJC_LITERAL_CONVERSION = YES;
				CLANG_WARN_OBJC_ROOT_CLASS = YES_ERROR;
				CLANG_WARN_QUOTED_INCLUDE_IN_FRAMEWORK_HEADER = YES;
				CLANG_WARN_RANGE_LOOP_ANALYSIS = YES;
				CLANG_WARN_STRICT_PROTOTYPES = YES;
				CLANG_WARN_SUSPICIOUS_MOVE = YES;
				CLANG_WARN_UNGUARDED_AVAILABILITY = YES_AGGRESSIVE;
				CLANG_WARN_UNREACHABLE_CODE = YES;
				CLANG_WARN__DUPLICATE_METHOD_MATCH = YES;
				COPY_PHASE_STRIP = NO;
				DEBUG_INFORMATION_FORMAT = "dwarf-with-dsym";
				ENABLE_NS_ASSERTIONS = NO;
				ENABLE_STRICT_OBJC_MSGSEND = YES;
				GCC_C_LANGUAGE_STANDARD = gnu11;
				GCC_NO_COMMON_BLOCKS = YES;
				GCC_WARN_64_TO_32_BIT_CONVERSION = YES;
				GCC_WARN_ABOUT_RETURN_TYPE = YES_ERROR;
				GCC_WARN_UNDECLARED_SELECTOR = YES;
				GCC_WARN_UNINITIALIZED_AUTOS = YES_AGGRESSIVE;
				GCC_WARN_UNUSED_FUNCTION = YES;
				GCC_WARN_UNUSED_VARIABLE = YES;
				IPHONEOS_DEPLOYMENT_TARGET = 14.5;
				MTL_ENABLE_DEBUG_INFO = NO;
				MTL_FAST_MATH = YES;
				SDKROOT = iphoneos;
				SWIFT_COMPILATION_MODE = wholemodule;
				SWIFT_OPTIMIZATION_LEVEL = "-O";
				VALIDATE_PRODUCT = YES;
			};
			name = Release;
		};
		6BAD4DCD2699756C00C3F079 /* Debug */ = {
			isa = XCBuildConfiguration;
			buildSettings = {
				ASSETCATALOG_COMPILER_APPICON_NAME = AppIcon;
				ASSETCATALOG_COMPILER_GLOBAL_ACCENT_COLOR_NAME = AccentColor;
				CODE_SIGN_STYLE = Automatic;
				DEVELOPMENT_TEAM = 2UGBQYC9Y9;
				INFOPLIST_FILE = "FMproject/Supporting Files/Info.plist";
				LD_RUNPATH_SEARCH_PATHS = (
					"$(inherited)",
					"@executable_path/Frameworks",
				);
				PRODUCT_BUNDLE_IDENTIFIER = kl.FMproject;
				PRODUCT_NAME = "$(TARGET_NAME)";
				SWIFT_VERSION = 5.0;
				TARGETED_DEVICE_FAMILY = 1;
			};
			name = Debug;
		};
		6BAD4DCE2699756C00C3F079 /* Release */ = {
			isa = XCBuildConfiguration;
			buildSettings = {
				ASSETCATALOG_COMPILER_APPICON_NAME = AppIcon;
				ASSETCATALOG_COMPILER_GLOBAL_ACCENT_COLOR_NAME = AccentColor;
				CODE_SIGN_STYLE = Automatic;
				DEVELOPMENT_TEAM = 2UGBQYC9Y9;
				INFOPLIST_FILE = "FMproject/Supporting Files/Info.plist";
				LD_RUNPATH_SEARCH_PATHS = (
					"$(inherited)",
					"@executable_path/Frameworks",
				);
				PRODUCT_BUNDLE_IDENTIFIER = kl.FMproject;
				PRODUCT_NAME = "$(TARGET_NAME)";
				SWIFT_VERSION = 5.0;
				TARGETED_DEVICE_FAMILY = 1;
			};
			name = Release;
		};
/* End XCBuildConfiguration section */

/* Begin XCConfigurationList section */
		6BAD4DB32699756A00C3F079 /* Build configuration list for PBXProject "FMproject" */ = {
			isa = XCConfigurationList;
			buildConfigurations = (
				6BAD4DCA2699756C00C3F079 /* Debug */,
				6BAD4DCB2699756C00C3F079 /* Release */,
			);
			defaultConfigurationIsVisible = 0;
			defaultConfigurationName = Release;
		};
		6BAD4DCC2699756C00C3F079 /* Build configuration list for PBXNativeTarget "FMproject" */ = {
			isa = XCConfigurationList;
			buildConfigurations = (
				6BAD4DCD2699756C00C3F079 /* Debug */,
				6BAD4DCE2699756C00C3F079 /* Release */,
			);
			defaultConfigurationIsVisible = 0;
			defaultConfigurationName = Release;
		};
/* End XCConfigurationList section */
	};
	rootObject = 6BAD4DB02699756A00C3F079 /* Project object */;
}
